
Microsoft Visual Studio Solution File, Format Version 12.00
# Visual Studio Version 17
VisualStudioVersion = 17.3.32825.248
MinimumVisualStudioVersion = 10.0.40219.1
Project("{8BC9CEB8-8B4A-11D0-8D11-00A0C91BC942}") = "Server", "Server\Server.vcxproj", "{58F9117B-B86C-4B1B-9378-8E6FE6E1F457}"
EndProject
Project("{8BC9CEB8-8B4A-11D0-8D11-00A0C91BC942}") = "Client", "Client\Client.vcxproj", "{972DE170-9606-4B28-AB7B-F6AE97C080CE}"
EndProject
Global
	GlobalSection(SolutionConfigurationPlatforms) = preSolution
		Debug|x64 = Debug|x64
		Debug|x86 = Debug|x86
		Release|x64 = Release|x64
		Release|x86 = Release|x86
	EndGlobalSection
	GlobalSection(ProjectConfigurationPlatforms) = postSolution
		{58F9117B-B86C-4B1B-9378-8E6FE6E1F457}.Debug|x64.ActiveCfg = Debug|x64
		{58F9117B-B86C-4B1B-9378-8E6FE6E1F457}.Debug|x64.Build.0 = Debug|x64
		{58F9117B-B86C-4B1B-9378-8E6FE6E1F457}.Debug|x86.ActiveCfg = Debug|Win32
		{58F9117B-B86C-4B1B-9378-8E6FE6E1F457}.Debug|x86.Build.0 = Debug|Win32
		{58F9117B-B86C-4B1B-9378-8E6FE6E1F457}.Release|x64.ActiveCfg = Release|x64
		{58F9117B-B86C-4B1B-9378-8E6FE6E1F457}.Release|x64.Build.0 = Release|x64
		{58F9117B-B86C-4B1B-9378-8E6FE6E1F457}.Release|x86.ActiveCfg = Release|Win32
		{58F9117B-B86C-4B1B-9378-8E6FE6E1F457}.Release|x86.Build.0 = Release|Win32
		{972DE170-9606-4B28-AB7B-F6AE97C080CE}.Debug|x64.ActiveCfg = Debug|x64
		{972DE170-9606-4B28-AB7B-F6AE97C080CE}.Debug|x64.Build.0 = Debug|x64
		{972DE170-9606-4B28-AB7B-F6AE97C080CE}.Debug|x86.ActiveCfg = Debug|Win32
		{972DE170-9606-4B28-AB7B-F6AE97C080CE}.Debug|x86.Build.0 = Debug|Win32
		{972DE170-9606-4B28-AB7B-F6AE97C080CE}.Release|x64.ActiveCfg = Release|x64
		{972DE170-9606-4B28-AB7B-F6AE97C080CE}.Release|x64.Build.0 = Release|x64
		{972DE170-9606-4B28-AB7B-F6AE97C080CE}.Release|x86.ActiveCfg = Release|Win32
		{972DE170-9606-4B28-AB7B-F6AE97C080CE}.Release|x86.Build.0 = Release|Win32
	EndGlobalSection
	GlobalSection(SolutionProperties) = preSolution
		HideSolutionNode = FALSE
	EndGlobalSection
	GlobalSection(ExtensibilityGlobals) = postSolution
		SolutionGuid = {6A0E5CEF-B1F6-4ABA-89DD-87F6F06E678D}
	EndGlobalSection
EndGlobal
